
Microsoft Visual Studio Solution File, Format Version 12.00
# Visual Studio Version 17
VisualStudioVersion = 17.0.31903.59
MinimumVisualStudioVersion = 10.0.40219.1
Project("{F2A71F9B-5D33-465A-A702-920D77279786}") = "Ocis", "Ocis\Ocis.fsproj", "{8B620294-31D5-4475-8693-299AC64951F9}"
EndProject
Project("{F2A71F9B-5D33-465A-A702-920D77279786}") = "Ocis.Tests", "Ocis.Tests\Ocis.Tests.fsproj", "{FA455AF4-A27D-48C0-97FE-D904A166E3BA}"
EndProject
Project("{F2A71F9B-5D33-465A-A702-920D77279786}") = "Ocis.Server", "Ocis.Server\Ocis.Server.fsproj", "{BC1BCEFC-B667-400B-9560-44312874B998}"
EndProject
Global
	GlobalSection(SolutionConfigurationPlatforms) = preSolution
		Debug|Any CPU = Debug|Any CPU
		Debug|x64 = Debug|x64
		Debug|x86 = Debug|x86
		Release|Any CPU = Release|Any CPU
		Release|x64 = Release|x64
		Release|x86 = Release|x86
	EndGlobalSection
	GlobalSection(ProjectConfigurationPlatforms) = postSolution
		{8B620294-31D5-4475-8693-299AC64951F9}.Debug|Any CPU.ActiveCfg = Debug|Any CPU
		{8B620294-31D5-4475-8693-299AC64951F9}.Debug|Any CPU.Build.0 = Debug|Any CPU
		{8B620294-31D5-4475-8693-299AC64951F9}.Debug|x64.ActiveCfg = Debug|Any CPU
		{8B620294-31D5-4475-8693-299AC64951F9}.Debug|x64.Build.0 = Debug|Any CPU
		{8B620294-31D5-4475-8693-299AC64951F9}.Debug|x86.ActiveCfg = Debug|Any CPU
		{8B620294-31D5-4475-8693-299AC64951F9}.Debug|x86.Build.0 = Debug|Any CPU
		{8B620294-31D5-4475-8693-299AC64951F9}.Release|Any CPU.ActiveCfg = Release|Any CPU
		{8B620294-31D5-4475-8693-299AC64951F9}.Release|Any CPU.Build.0 = Release|Any CPU
		{8B620294-31D5-4475-8693-299AC64951F9}.Release|x64.ActiveCfg = Release|Any CPU
		{8B620294-31D5-4475-8693-299AC64951F9}.Release|x64.Build.0 = Release|Any CPU
		{8B620294-31D5-4475-8693-299AC64951F9}.Release|x86.ActiveCfg = Release|Any CPU
		{8B620294-31D5-4475-8693-299AC64951F9}.Release|x86.Build.0 = Release|Any CPU
		{FA455AF4-A27D-48C0-97FE-D904A166E3BA}.Debug|Any CPU.ActiveCfg = Debug|Any CPU
		{FA455AF4-A27D-48C0-97FE-D904A166E3BA}.Debug|Any CPU.Build.0 = Debug|Any CPU
		{FA455AF4-A27D-48C0-97FE-D904A166E3BA}.Debug|x64.ActiveCfg = Debug|Any CPU
		{FA455AF4-A27D-48C0-97FE-D904A166E3BA}.Debug|x64.Build.0 = Debug|Any CPU
		{FA455AF4-A27D-48C0-97FE-D904A166E3BA}.Debug|x86.ActiveCfg = Debug|Any CPU
		{FA455AF4-A27D-48C0-97FE-D904A166E3BA}.Debug|x86.Build.0 = Debug|Any CPU
		{FA455AF4-A27D-48C0-97FE-D904A166E3BA}.Release|Any CPU.ActiveCfg = Release|Any CPU
		{FA455AF4-A27D-48C0-97FE-D904A166E3BA}.Release|Any CPU.Build.0 = Release|Any CPU
		{FA455AF4-A27D-48C0-97FE-D904A166E3BA}.Release|x64.ActiveCfg = Release|Any CPU
		{FA455AF4-A27D-48C0-97FE-D904A166E3BA}.Release|x64.Build.0 = Release|Any CPU
		{FA455AF4-A27D-48C0-97FE-D904A166E3BA}.Release|x86.ActiveCfg = Release|Any CPU
		{FA455AF4-A27D-48C0-97FE-D904A166E3BA}.Release|x86.Build.0 = Release|Any CPU
		{BC1BCEFC-B667-400B-9560-44312874B998}.Debug|Any CPU.ActiveCfg = Debug|Any CPU
		{BC1BCEFC-B667-400B-9560-44312874B998}.Debug|Any CPU.Build.0 = Debug|Any CPU
		{BC1BCEFC-B667-400B-9560-44312874B998}.Debug|x64.ActiveCfg = Debug|Any CPU
		{BC1BCEFC-B667-400B-9560-44312874B998}.Debug|x64.Build.0 = Debug|Any CPU
		{BC1BCEFC-B667-400B-9560-44312874B998}.Debug|x86.ActiveCfg = Debug|Any CPU
		{BC1BCEFC-B667-400B-9560-44312874B998}.Debug|x86.Build.0 = Debug|Any CPU
		{BC1BCEFC-B667-400B-9560-44312874B998}.Release|Any CPU.ActiveCfg = Release|Any CPU
		{BC1BCEFC-B667-400B-9560-44312874B998}.Release|Any CPU.Build.0 = Release|Any CPU
		{BC1BCEFC-B667-400B-9560-44312874B998}.Release|x64.ActiveCfg = Release|Any CPU
		{BC1BCEFC-B667-400B-9560-44312874B998}.Release|x64.Build.0 = Release|Any CPU
		{BC1BCEFC-B667-400B-9560-44312874B998}.Release|x86.ActiveCfg = Release|Any CPU
		{BC1BCEFC-B667-400B-9560-44312874B998}.Release|x86.Build.0 = Release|Any CPU
	EndGlobalSection
	GlobalSection(SolutionProperties) = preSolution
		HideSolutionNode = FALSE
	EndGlobalSection
EndGlobal
