
Microsoft Visual Studio Solution File, Format Version 12.00
# Visual Studio Version 17
VisualStudioVersion = 17.0.31903.59
MinimumVisualStudioVersion = 10.0.40219.1
Project("{F2A71F9B-5D33-465A-A702-920D77279786}") = "Ocis.Client.SDK.Tests", "Ocis.Client.SDK.Tests\Ocis.Client.SDK.Tests.fsproj", "{44A126B9-9071-4384-AE9E-F1A4ED18EEBA}"
EndProject
Project("{F2A71F9B-5D33-465A-A702-920D77279786}") = "Ocis.Client.SDK", "Ocis.Client.SDK\Ocis.Client.SDK.fsproj", "{5B6F9BE9-DDF1-4A3D-8706-0F4EB351688A}"
EndProject
Global
	GlobalSection(SolutionConfigurationPlatforms) = preSolution
		Debug|Any CPU = Debug|Any CPU
		Release|Any CPU = Release|Any CPU
	EndGlobalSection
	GlobalSection(SolutionProperties) = preSolution
		HideSolutionNode = FALSE
	EndGlobalSection
	GlobalSection(ProjectConfigurationPlatforms) = postSolution
		{44A126B9-9071-4384-AE9E-F1A4ED18EEBA}.Debug|Any CPU.ActiveCfg = Debug|Any CPU
		{44A126B9-9071-4384-AE9E-F1A4ED18EEBA}.Debug|Any CPU.Build.0 = Debug|Any CPU
		{44A126B9-9071-4384-AE9E-F1A4ED18EEBA}.Release|Any CPU.ActiveCfg = Release|Any CPU
		{44A126B9-9071-4384-AE9E-F1A4ED18EEBA}.Release|Any CPU.Build.0 = Release|Any CPU
		{5B6F9BE9-DDF1-4A3D-8706-0F4EB351688A}.Debug|Any CPU.ActiveCfg = Debug|Any CPU
		{5B6F9BE9-DDF1-4A3D-8706-0F4EB351688A}.Debug|Any CPU.Build.0 = Debug|Any CPU
		{5B6F9BE9-DDF1-4A3D-8706-0F4EB351688A}.Release|Any CPU.ActiveCfg = Release|Any CPU
		{5B6F9BE9-DDF1-4A3D-8706-0F4EB351688A}.Release|Any CPU.Build.0 = Release|Any CPU
	EndGlobalSection
EndGlobal
