
Microsoft Visual Studio Solution File, Format Version 12.00
# Visual Studio Version 17
VisualStudioVersion = 17.0.31903.59
MinimumVisualStudioVersion = 10.0.40219.1
Project("{F2A71F9B-5D33-465A-A702-920D77279786}") = "Ocis.Protocol", "Ocis.Protocol.fsproj", "{0C25BE56-1BD1-4F07-8D62-A9C81804ADCD}"
EndProject
Project("{F2A71F9B-5D33-465A-A702-920D77279786}") = "Ocis.Protocol.Tests", "Ocis.Protocol.Tests\Ocis.Protocol.Tests.fsproj", "{608DB2C9-B982-4B3D-BFE0-170B94E714F6}"
EndProject
Global
	GlobalSection(SolutionConfigurationPlatforms) = preSolution
		Debug|Any CPU = Debug|Any CPU
		Debug|x64 = Debug|x64
		Debug|x86 = Debug|x86
		Release|Any CPU = Release|Any CPU
		Release|x64 = Release|x64
		Release|x86 = Release|x86
	EndGlobalSection
	GlobalSection(ProjectConfigurationPlatforms) = postSolution
		{0C25BE56-1BD1-4F07-8D62-A9C81804ADCD}.Debug|Any CPU.ActiveCfg = Debug|Any CPU
		{0C25BE56-1BD1-4F07-8D62-A9C81804ADCD}.Debug|Any CPU.Build.0 = Debug|Any CPU
		{0C25BE56-1BD1-4F07-8D62-A9C81804ADCD}.Debug|x64.ActiveCfg = Debug|Any CPU
		{0C25BE56-1BD1-4F07-8D62-A9C81804ADCD}.Debug|x64.Build.0 = Debug|Any CPU
		{0C25BE56-1BD1-4F07-8D62-A9C81804ADCD}.Debug|x86.ActiveCfg = Debug|Any CPU
		{0C25BE56-1BD1-4F07-8D62-A9C81804ADCD}.Debug|x86.Build.0 = Debug|Any CPU
		{0C25BE56-1BD1-4F07-8D62-A9C81804ADCD}.Release|Any CPU.ActiveCfg = Release|Any CPU
		{0C25BE56-1BD1-4F07-8D62-A9C81804ADCD}.Release|Any CPU.Build.0 = Release|Any CPU
		{0C25BE56-1BD1-4F07-8D62-A9C81804ADCD}.Release|x64.ActiveCfg = Release|Any CPU
		{0C25BE56-1BD1-4F07-8D62-A9C81804ADCD}.Release|x64.Build.0 = Release|Any CPU
		{0C25BE56-1BD1-4F07-8D62-A9C81804ADCD}.Release|x86.ActiveCfg = Release|Any CPU
		{0C25BE56-1BD1-4F07-8D62-A9C81804ADCD}.Release|x86.Build.0 = Release|Any CPU
		{608DB2C9-B982-4B3D-BFE0-170B94E714F6}.Debug|Any CPU.ActiveCfg = Debug|Any CPU
		{608DB2C9-B982-4B3D-BFE0-170B94E714F6}.Debug|Any CPU.Build.0 = Debug|Any CPU
		{608DB2C9-B982-4B3D-BFE0-170B94E714F6}.Debug|x64.ActiveCfg = Debug|Any CPU
		{608DB2C9-B982-4B3D-BFE0-170B94E714F6}.Debug|x64.Build.0 = Debug|Any CPU
		{608DB2C9-B982-4B3D-BFE0-170B94E714F6}.Debug|x86.ActiveCfg = Debug|Any CPU
		{608DB2C9-B982-4B3D-BFE0-170B94E714F6}.Debug|x86.Build.0 = Debug|Any CPU
		{608DB2C9-B982-4B3D-BFE0-170B94E714F6}.Release|Any CPU.ActiveCfg = Release|Any CPU
		{608DB2C9-B982-4B3D-BFE0-170B94E714F6}.Release|Any CPU.Build.0 = Release|Any CPU
		{608DB2C9-B982-4B3D-BFE0-170B94E714F6}.Release|x64.ActiveCfg = Release|Any CPU
		{608DB2C9-B982-4B3D-BFE0-170B94E714F6}.Release|x64.Build.0 = Release|Any CPU
		{608DB2C9-B982-4B3D-BFE0-170B94E714F6}.Release|x86.ActiveCfg = Release|Any CPU
		{608DB2C9-B982-4B3D-BFE0-170B94E714F6}.Release|x86.Build.0 = Release|Any CPU
	EndGlobalSection
	GlobalSection(SolutionProperties) = preSolution
		HideSolutionNode = FALSE
	EndGlobalSection
EndGlobal
